// !$*UTF8*$!
{
	archiveVersion = 1;
	classes = {
	};
	objectVersion = 55;
	objects = {

/* Begin PBXBuildFile section */
		FF1C1C7B2747C93800DE55F4 /* macosTreeListPlayApp.swift in Sources */ = {isa = PBXBuildFile; fileRef = FF1C1C7A2747C93800DE55F4 /* macosTreeListPlayApp.swift */; };
		FF1C1C7F2747C93A00DE55F4 /* Assets.xcassets in Resources */ = {isa = PBXBuildFile; fileRef = FF1C1C7E2747C93A00DE55F4 /* Assets.xcassets */; };
		FF1C1C822747C93A00DE55F4 /* Preview Assets.xcassets in Resources */ = {isa = PBXBuildFile; fileRef = FF1C1C812747C93A00DE55F4 /* Preview Assets.xcassets */; };
		FF22E81D290D4FE600DE0913 /* Node.swift in Sources */ = {isa = PBXBuildFile; fileRef = FF22E81C290D4FE600DE0913 /* Node.swift */; };
		FF22E81F290D503600DE0913 /* Parent.swift in Sources */ = {isa = PBXBuildFile; fileRef = FF22E81E290D503600DE0913 /* Parent.swift */; };
		FF2AED362906E69200D0B4CF /* FolderRow+DropDelegate.swift in Sources */ = {isa = PBXBuildFile; fileRef = FF2AED352906E69200D0B4CF /* FolderRow+DropDelegate.swift */; };
		FF3999B92905646600417F05 /* DraggingPreview.swift in Sources */ = {isa = PBXBuildFile; fileRef = FF3999B82905646600417F05 /* DraggingPreview.swift */; };
		FF4244A029006279003F7C95 /* AppModel.swift in Sources */ = {isa = PBXBuildFile; fileRef = FF42449E29006279003F7C95 /* AppModel.swift */; };
		FF4244A3290062F2003F7C95 /* Item.swift in Sources */ = {isa = PBXBuildFile; fileRef = FF4244A2290062F1003F7C95 /* Item.swift */; };
		FF4244A929006381003F7C95 /* DefaultRow.swift in Sources */ = {isa = PBXBuildFile; fileRef = FF4244A529006381003F7C95 /* DefaultRow.swift */; };
		FF4244AA29006381003F7C95 /* ContentView.swift in Sources */ = {isa = PBXBuildFile; fileRef = FF4244A629006381003F7C95 /* ContentView.swift */; };
		FF4244AB29006381003F7C95 /* Tree.swift in Sources */ = {isa = PBXBuildFile; fileRef = FF4244A729006381003F7C95 /* Tree.swift */; };
		FF4244AC29006381003F7C95 /* FolderRow.swift in Sources */ = {isa = PBXBuildFile; fileRef = FF4244A829006381003F7C95 /* FolderRow.swift */; };
/* End PBXBuildFile section */

/* Begin PBXFileReference section */
		FF0702DE27578F1D00E3DDF8 /* README.md */ = {isa = PBXFileReference; lastKnownFileType = net.daringfireball.markdown; path = README.md; sourceTree = "<group>"; };
		FF1C1C772747C93800DE55F4 /* macosTreeListPlay.app */ = {isa = PBXFileReference; explicitFileType = wrapper.application; includeInIndex = 0; path = macosTreeListPlay.app; sourceTree = BUILT_PRODUCTS_DIR; };
		FF1C1C7A2747C93800DE55F4 /* macosTreeListPlayApp.swift */ = {isa = PBXFileReference; lastKnownFileType = sourcecode.swift; path = macosTreeListPlayApp.swift; sourceTree = "<group>"; };
		FF1C1C7E2747C93A00DE55F4 /* Assets.xcassets */ = {isa = PBXFileReference; lastKnownFileType = folder.assetcatalog; path = Assets.xcassets; sourceTree = "<group>"; };
		FF1C1C812747C93A00DE55F4 /* Preview Assets.xcassets */ = {isa = PBXFileReference; lastKnownFileType = folder.assetcatalog; path = "Preview Assets.xcassets"; sourceTree = "<group>"; };
		FF1C1C832747C93A00DE55F4 /* macosTreeListPlay.entitlements */ = {isa = PBXFileReference; lastKnownFileType = text.plist.entitlements; path = macosTreeListPlay.entitlements; sourceTree = "<group>"; };
		FF22E81C290D4FE600DE0913 /* Node.swift */ = {isa = PBXFileReference; lastKnownFileType = sourcecode.swift; path = Node.swift; sourceTree = "<group>"; };
		FF22E81E290D503600DE0913 /* Parent.swift */ = {isa = PBXFileReference; lastKnownFileType = sourcecode.swift; path = Parent.swift; sourceTree = "<group>"; };
		FF28B24E276979D500A137F9 /* LICENSE */ = {isa = PBXFileReference; lastKnownFileType = text; path = LICENSE; sourceTree = "<group>"; };
		FF2AED352906E69200D0B4CF /* FolderRow+DropDelegate.swift */ = {isa = PBXFileReference; lastKnownFileType = sourcecode.swift; path = "FolderRow+DropDelegate.swift"; sourceTree = "<group>"; };
		FF3999B82905646600417F05 /* DraggingPreview.swift */ = {isa = PBXFileReference; lastKnownFileType = sourcecode.swift; path = DraggingPreview.swift; sourceTree = "<group>"; };
		FF42449E29006279003F7C95 /* AppModel.swift */ = {isa = PBXFileReference; fileEncoding = 4; lastKnownFileType = sourcecode.swift; path = AppModel.swift; sourceTree = "<group>"; };
		FF4244A2290062F1003F7C95 /* Item.swift */ = {isa = PBXFileReference; fileEncoding = 4; lastKnownFileType = sourcecode.swift; path = Item.swift; sourceTree = "<group>"; };
		FF4244A529006381003F7C95 /* DefaultRow.swift */ = {isa = PBXFileReference; fileEncoding = 4; lastKnownFileType = sourcecode.swift; path = DefaultRow.swift; sourceTree = "<group>"; };
		FF4244A629006381003F7C95 /* ContentView.swift */ = {isa = PBXFileReference; fileEncoding = 4; lastKnownFileType = sourcecode.swift; path = ContentView.swift; sourceTree = "<group>"; };
		FF4244A729006381003F7C95 /* Tree.swift */ = {isa = PBXFileReference; fileEncoding = 4; lastKnownFileType = sourcecode.swift; path = Tree.swift; sourceTree = "<group>"; };
		FF4244A829006381003F7C95 /* FolderRow.swift */ = {isa = PBXFileReference; fileEncoding = 4; lastKnownFileType = sourcecode.swift; path = FolderRow.swift; sourceTree = "<group>"; };
		FFD50E0E290FFA35000F84D0 /* appScreenRecording.gif */ = {isa = PBXFileReference; lastKnownFileType = image.gif; path = appScreenRecording.gif; sourceTree = "<group>"; };
		FFD50E102910481A000F84D0 /* appIpadDragSelectionWorks.gif */ = {isa = PBXFileReference; lastKnownFileType = image.gif; path = appIpadDragSelectionWorks.gif; sourceTree = "<group>"; };
/* End PBXFileReference section */

/* Begin PBXFrameworksBuildPhase section */
		FF1C1C742747C93800DE55F4 /* Frameworks */ = {
			isa = PBXFrameworksBuildPhase;
			buildActionMask = 2147483647;
			files = (
			);
			runOnlyForDeploymentPostprocessing = 0;
		};
/* End PBXFrameworksBuildPhase section */

/* Begin PBXGroup section */
		FF1C1C6E2747C93800DE55F4 = {
			isa = PBXGroup;
			children = (
				FF0702DE27578F1D00E3DDF8 /* README.md */,
				FFD50E0E290FFA35000F84D0 /* appScreenRecording.gif */,
				FFD50E102910481A000F84D0 /* appIpadDragSelectionWorks.gif */,
				FF28B24E276979D500A137F9 /* LICENSE */,
				FF1C1C7E2747C93A00DE55F4 /* Assets.xcassets */,
				FF1C1C792747C93800DE55F4 /* macosTreeListPlay */,
				FF1C1C782747C93800DE55F4 /* Products */,
			);
			sourceTree = "<group>";
		};
		FF1C1C782747C93800DE55F4 /* Products */ = {
			isa = PBXGroup;
			children = (
				FF1C1C772747C93800DE55F4 /* macosTreeListPlay.app */,
			);
			name = Products;
			sourceTree = "<group>";
		};
		FF1C1C792747C93800DE55F4 /* macosTreeListPlay */ = {
			isa = PBXGroup;
			children = (
				FF1C1C832747C93A00DE55F4 /* macosTreeListPlay.entitlements */,
				FF1C1C7A2747C93800DE55F4 /* macosTreeListPlayApp.swift */,
				FF4244A42900632E003F7C95 /* UI */,
				FFAA22122764ED0E003EBA67 /* Model */,
				FF1C1C802747C93A00DE55F4 /* Preview Content */,
			);
			path = macosTreeListPlay;
			sourceTree = "<group>";
		};
		FF1C1C802747C93A00DE55F4 /* Preview Content */ = {
			isa = PBXGroup;
			children = (
				FF1C1C812747C93A00DE55F4 /* Preview Assets.xcassets */,
			);
			path = "Preview Content";
			sourceTree = "<group>";
		};
		FF22E81B290D4F8900DE0913 /* Deletable? */ = {
			isa = PBXGroup;
			children = (
				FF4244A529006381003F7C95 /* DefaultRow.swift */,
				FF3999B82905646600417F05 /* DraggingPreview.swift */,
				FF4244A829006381003F7C95 /* FolderRow.swift */,
				FF4244A729006381003F7C95 /* Tree.swift */,
			);
			path = "Deletable?";
			sourceTree = "<group>";
		};
		FF4244A42900632E003F7C95 /* UI */ = {
			isa = PBXGroup;
			children = (
				FF4244A629006381003F7C95 /* ContentView.swift */,
				FF22E81E290D503600DE0913 /* Parent.swift */,
				FF22E81C290D4FE600DE0913 /* Node.swift */,
				FF2AED352906E69200D0B4CF /* FolderRow+DropDelegate.swift */,
				FF22E81B290D4F8900DE0913 /* Deletable? */,
			);
			path = UI;
			sourceTree = "<group>";
		};
		FFAA22122764ED0E003EBA67 /* Model */ = {
			isa = PBXGroup;
			children = (
				FF42449E29006279003F7C95 /* AppModel.swift */,
				FF4244A2290062F1003F7C95 /* Item.swift */,
			);
			path = Model;
			sourceTree = "<group>";
		};
/* End PBXGroup section */

/* Begin PBXNativeTarget section */
		FF1C1C762747C93800DE55F4 /* macosTreeListPlay */ = {
			isa = PBXNativeTarget;
			buildConfigurationList = FF1C1C862747C93A00DE55F4 /* Build configuration list for PBXNativeTarget "macosTreeListPlay" */;
			buildPhases = (
				FF1C1C732747C93800DE55F4 /* Sources */,
				FF1C1C742747C93800DE55F4 /* Frameworks */,
				FF1C1C752747C93800DE55F4 /* Resources */,
			);
			buildRules = (
			);
			dependencies = (
			);
			name = macosTreeListPlay;
			productName = macosTreeListPlay;
			productReference = FF1C1C772747C93800DE55F4 /* macosTreeListPlay.app */;
			productType = "com.apple.product-type.application";
		};
/* End PBXNativeTarget section */

/* Begin PBXProject section */
		FF1C1C6F2747C93800DE55F4 /* Project object */ = {
			isa = PBXProject;
			attributes = {
				BuildIndependentTargetsInParallel = 1;
				LastSwiftUpdateCheck = 1310;
				LastUpgradeCheck = 1400;
				TargetAttributes = {
					FF1C1C762747C93800DE55F4 = {
						CreatedOnToolsVersion = 13.1;
					};
				};
			};
			buildConfigurationList = FF1C1C722747C93800DE55F4 /* Build configuration list for PBXProject "macosTreeListPlay" */;
			compatibilityVersion = "Xcode 13.0";
			developmentRegion = en;
			hasScannedForEncodings = 0;
			knownRegions = (
				en,
				Base,
			);
			mainGroup = FF1C1C6E2747C93800DE55F4;
			productRefGroup = FF1C1C782747C93800DE55F4 /* Products */;
			projectDirPath = "";
			projectRoot = "";
			targets = (
				FF1C1C762747C93800DE55F4 /* macosTreeListPlay */,
			);
		};
/* End PBXProject section */

/* Begin PBXResourcesBuildPhase section */
		FF1C1C752747C93800DE55F4 /* Resources */ = {
			isa = PBXResourcesBuildPhase;
			buildActionMask = 2147483647;
			files = (
				FF1C1C822747C93A00DE55F4 /* Preview Assets.xcassets in Resources */,
				FF1C1C7F2747C93A00DE55F4 /* Assets.xcassets in Resources */,
			);
			runOnlyForDeploymentPostprocessing = 0;
		};
/* End PBXResourcesBuildPhase section */

/* Begin PBXSourcesBuildPhase section */
		FF1C1C732747C93800DE55F4 /* Sources */ = {
			isa = PBXSourcesBuildPhase;
			buildActionMask = 2147483647;
			files = (
				FF4244A929006381003F7C95 /* DefaultRow.swift in Sources */,
				FF22E81D290D4FE600DE0913 /* Node.swift in Sources */,
				FF3999B92905646600417F05 /* DraggingPreview.swift in Sources */,
				FF4244A3290062F2003F7C95 /* Item.swift in Sources */,
				FF2AED362906E69200D0B4CF /* FolderRow+DropDelegate.swift in Sources */,
				FF4244AA29006381003F7C95 /* ContentView.swift in Sources */,
				FF4244A029006279003F7C95 /* AppModel.swift in Sources */,
				FF4244AB29006381003F7C95 /* Tree.swift in Sources */,
				FF4244AC29006381003F7C95 /* FolderRow.swift in Sources */,
				FF22E81F290D503600DE0913 /* Parent.swift in Sources */,
				FF1C1C7B2747C93800DE55F4 /* macosTreeListPlayApp.swift in Sources */,
			);
			runOnlyForDeploymentPostprocessing = 0;
		};
/* End PBXSourcesBuildPhase section */

/* Begin XCBuildConfiguration section */
		FF1C1C842747C93A00DE55F4 /* Debug */ = {
			isa = XCBuildConfiguration;
			buildSettings = {
				ALWAYS_SEARCH_USER_PATHS = NO;
				CLANG_ANALYZER_NONNULL = YES;
				CLANG_ANALYZER_NUMBER_OBJECT_CONVERSION = YES_AGGRESSIVE;
				CLANG_CXX_LANGUAGE_STANDARD = "gnu++17";
				CLANG_CXX_LIBRARY = "libc++";
				CLANG_ENABLE_MODULES = YES;
				CLANG_ENABLE_OBJC_ARC = YES;
				CLANG_ENABLE_OBJC_WEAK = YES;
				CLANG_WARN_BLOCK_CAPTURE_AUTORELEASING = YES;
				CLANG_WARN_BOOL_CONVERSION = YES;
				CLANG_WARN_COMMA = YES;
				CLANG_WARN_CONSTANT_CONVERSION = YES;
				CLANG_WARN_DEPRECATED_OBJC_IMPLEMENTATIONS = YES;
				CLANG_WARN_DIRECT_OBJC_ISA_USAGE = YES_ERROR;
				CLANG_WARN_DOCUMENTATION_COMMENTS = YES;
				CLANG_WARN_EMPTY_BODY = YES;
				CLANG_WARN_ENUM_CONVERSION = YES;
				CLANG_WARN_INFINITE_RECURSION = YES;
				CLANG_WARN_INT_CONVERSION = YES;
				CLANG_WARN_NON_LITERAL_NULL_CONVERSION = YES;
				CLANG_WARN_OBJC_IMPLICIT_RETAIN_SELF = YES;
				CLANG_WARN_OBJC_LITERAL_CONVERSION = YES;
				CLANG_WARN_OBJC_ROOT_CLASS = YES_ERROR;
				CLANG_WARN_QUOTED_INCLUDE_IN_FRAMEWORK_HEADER = YES;
				CLANG_WARN_RANGE_LOOP_ANALYSIS = YES;
				CLANG_WARN_STRICT_PROTOTYPES = YES;
				CLANG_WARN_SUSPICIOUS_MOVE = YES;
				CLANG_WARN_UNGUARDED_AVAILABILITY = YES_AGGRESSIVE;
				CLANG_WARN_UNREACHABLE_CODE = YES;
				CLANG_WARN__DUPLICATE_METHOD_MATCH = YES;
				COPY_PHASE_STRIP = NO;
				DEAD_CODE_STRIPPING = YES;
				DEBUG_INFORMATION_FORMAT = dwarf;
				ENABLE_STRICT_OBJC_MSGSEND = YES;
				ENABLE_TESTABILITY = YES;
				GCC_C_LANGUAGE_STANDARD = gnu11;
				GCC_DYNAMIC_NO_PIC = NO;
				GCC_NO_COMMON_BLOCKS = YES;
				GCC_OPTIMIZATION_LEVEL = 0;
				GCC_PREPROCESSOR_DEFINITIONS = (
					"DEBUG=1",
					"$(inherited)",
				);
				GCC_WARN_64_TO_32_BIT_CONVERSION = YES;
				GCC_WARN_ABOUT_RETURN_TYPE = YES_ERROR;
				GCC_WARN_UNDECLARED_SELECTOR = YES;
				GCC_WARN_UNINITIALIZED_AUTOS = YES_AGGRESSIVE;
				GCC_WARN_UNUSED_FUNCTION = YES;
				GCC_WARN_UNUSED_VARIABLE = YES;
				MACOSX_DEPLOYMENT_TARGET = 13.0;
				MTL_ENABLE_DEBUG_INFO = INCLUDE_SOURCE;
				MTL_FAST_MATH = YES;
				ONLY_ACTIVE_ARCH = YES;
				SDKROOT = macosx;
				SWIFT_ACTIVE_COMPILATION_CONDITIONS = DEBUG;
				SWIFT_OPTIMIZATION_LEVEL = "-Onone";
			};
			name = Debug;
		};
		FF1C1C852747C93A00DE55F4 /* Release */ = {
			isa = XCBuildConfiguration;
			buildSettings = {
				ALWAYS_SEARCH_USER_PATHS = NO;
				CLANG_ANALYZER_NONNULL = YES;
				CLANG_ANALYZER_NUMBER_OBJECT_CONVERSION = YES_AGGRESSIVE;
				CLANG_CXX_LANGUAGE_STANDARD = "gnu++17";
				CLANG_CXX_LIBRARY = "libc++";
				CLANG_ENABLE_MODULES = YES;
				CLANG_ENABLE_OBJC_ARC = YES;
				CLANG_ENABLE_OBJC_WEAK = YES;
				CLANG_WARN_BLOCK_CAPTURE_AUTORELEASING = YES;
				CLANG_WARN_BOOL_CONVERSION = YES;
				CLANG_WARN_COMMA = YES;
				CLANG_WARN_CONSTANT_CONVERSION = YES;
				CLANG_WARN_DEPRECATED_OBJC_IMPLEMENTATIONS = YES;
				CLANG_WARN_DIRECT_OBJC_ISA_USAGE = YES_ERROR;
				CLANG_WARN_DOCUMENTATION_COMMENTS = YES;
				CLANG_WARN_EMPTY_BODY = YES;
				CLANG_WARN_ENUM_CONVERSION = YES;
				CLANG_WARN_INFINITE_RECURSION = YES;
				CLANG_WARN_INT_CONVERSION = YES;
				CLANG_WARN_NON_LITERAL_NULL_CONVERSION = YES;
				CLANG_WARN_OBJC_IMPLICIT_RETAIN_SELF = YES;
				CLANG_WARN_OBJC_LITERAL_CONVERSION = YES;
				CLANG_WARN_OBJC_ROOT_CLASS = YES_ERROR;
				CLANG_WARN_QUOTED_INCLUDE_IN_FRAMEWORK_HEADER = YES;
				CLANG_WARN_RANGE_LOOP_ANALYSIS = YES;
				CLANG_WARN_STRICT_PROTOTYPES = YES;
				CLANG_WARN_SUSPICIOUS_MOVE = YES;
				CLANG_WARN_UNGUARDED_AVAILABILITY = YES_AGGRESSIVE;
				CLANG_WARN_UNREACHABLE_CODE = YES;
				CLANG_WARN__DUPLICATE_METHOD_MATCH = YES;
				COPY_PHASE_STRIP = NO;
				DEAD_CODE_STRIPPING = YES;
				DEBUG_INFORMATION_FORMAT = "dwarf-with-dsym";
				ENABLE_NS_ASSERTIONS = NO;
				ENABLE_STRICT_OBJC_MSGSEND = YES;
				GCC_C_LANGUAGE_STANDARD = gnu11;
				GCC_NO_COMMON_BLOCKS = YES;
				GCC_WARN_64_TO_32_BIT_CONVERSION = YES;
				GCC_WARN_ABOUT_RETURN_TYPE = YES_ERROR;
				GCC_WARN_UNDECLARED_SELECTOR = YES;
				GCC_WARN_UNINITIALIZED_AUTOS = YES_AGGRESSIVE;
				GCC_WARN_UNUSED_FUNCTION = YES;
				GCC_WARN_UNUSED_VARIABLE = YES;
				MACOSX_DEPLOYMENT_TARGET = 13.0;
				MTL_ENABLE_DEBUG_INFO = NO;
				MTL_FAST_MATH = YES;
				SDKROOT = macosx;
				SWIFT_COMPILATION_MODE = wholemodule;
				SWIFT_OPTIMIZATION_LEVEL = "-O";
			};
			name = Release;
		};
		FF1C1C872747C93A00DE55F4 /* Debug */ = {
			isa = XCBuildConfiguration;
			buildSettings = {
				ASSETCATALOG_COMPILER_APPICON_NAME = AppIcon;
				ASSETCATALOG_COMPILER_GLOBAL_ACCENT_COLOR_NAME = AccentColor;
				CODE_SIGN_ENTITLEMENTS = macosTreeListPlay/macosTreeListPlay.entitlements;
				CODE_SIGN_IDENTITY = "-";
				"CODE_SIGN_IDENTITY[sdk=macosx*]" = "Apple Development";
				CODE_SIGN_STYLE = Automatic;
				COMBINE_HIDPI_IMAGES = YES;
				CURRENT_PROJECT_VERSION = 1;
				DEAD_CODE_STRIPPING = YES;
				DEVELOPMENT_ASSET_PATHS = "\"macosTreeListPlay/Preview Content\"";
				DEVELOPMENT_TEAM = 5NZZ2G4JD4;
				ENABLE_HARDENED_RUNTIME = YES;
				ENABLE_PREVIEWS = YES;
				GENERATE_INFOPLIST_FILE = YES;
				INFOPLIST_KEY_NSHumanReadableCopyright = "";
				LD_RUNPATH_SEARCH_PATHS = (
					"$(inherited)",
					"@executable_path/../Frameworks",
				);
				MARKETING_VERSION = 1.0;
				PRODUCT_BUNDLE_IDENTIFIER = self.macosTreeListPlay;
				PRODUCT_NAME = "$(TARGET_NAME)";
				SUPPORTED_PLATFORMS = "iphoneos iphonesimulator macosx";
				SUPPORTS_MACCATALYST = NO;
				SUPPORTS_MAC_DESIGNED_FOR_IPHONE_IPAD = NO;
				SWIFT_EMIT_LOC_STRINGS = YES;
				SWIFT_VERSION = 5.0;
				TARGETED_DEVICE_FAMILY = 2;
			};
			name = Debug;
		};
		FF1C1C882747C93A00DE55F4 /* Release */ = {
			isa = XCBuildConfiguration;
			buildSettings = {
				ASSETCATALOG_COMPILER_APPICON_NAME = AppIcon;
				ASSETCATALOG_COMPILER_GLOBAL_ACCENT_COLOR_NAME = AccentColor;
				CODE_SIGN_ENTITLEMENTS = macosTreeListPlay/macosTreeListPlay.entitlements;
				CODE_SIGN_IDENTITY = "-";
				"CODE_SIGN_IDENTITY[sdk=macosx*]" = "Apple Development";
				CODE_SIGN_STYLE = Automatic;
				COMBINE_HIDPI_IMAGES = YES;
				CURRENT_PROJECT_VERSION = 1;
				DEAD_CODE_STRIPPING = YES;
				DEVELOPMENT_ASSET_PATHS = "\"macosTreeListPlay/Preview Content\"";
				DEVELOPMENT_TEAM = 5NZZ2G4JD4;
				ENABLE_HARDENED_RUNTIME = YES;
				ENABLE_PREVIEWS = YES;
				GENERATE_INFOPLIST_FILE = YES;
				INFOPLIST_KEY_NSHumanReadableCopyright = "";
				LD_RUNPATH_SEARCH_PATHS = (
					"$(inherited)",
					"@executable_path/../Frameworks",
				);
				MARKETING_VERSION = 1.0;
				PRODUCT_BUNDLE_IDENTIFIER = self.macosTreeListPlay;
				PRODUCT_NAME = "$(TARGET_NAME)";
				SUPPORTED_PLATFORMS = "iphoneos iphonesimulator macosx";
				SUPPORTS_MACCATALYST = NO;
				SUPPORTS_MAC_DESIGNED_FOR_IPHONE_IPAD = NO;
				SWIFT_EMIT_LOC_STRINGS = YES;
				SWIFT_VERSION = 5.0;
				TARGETED_DEVICE_FAMILY = 2;
			};
			name = Release;
		};
/* End XCBuildConfiguration section */

/* Begin XCConfigurationList section */
		FF1C1C722747C93800DE55F4 /* Build configuration list for PBXProject "macosTreeListPlay" */ = {
			isa = XCConfigurationList;
			buildConfigurations = (
				FF1C1C842747C93A00DE55F4 /* Debug */,
				FF1C1C852747C93A00DE55F4 /* Release */,
			);
			defaultConfigurationIsVisible = 0;
			defaultConfigurationName = Release;
		};
		FF1C1C862747C93A00DE55F4 /* Build configuration list for PBXNativeTarget "macosTreeListPlay" */ = {
			isa = XCConfigurationList;
			buildConfigurations = (
				FF1C1C872747C93A00DE55F4 /* Debug */,
				FF1C1C882747C93A00DE55F4 /* Release */,
			);
			defaultConfigurationIsVisible = 0;
			defaultConfigurationName = Release;
		};
/* End XCConfigurationList section */
	};
	rootObject = FF1C1C6F2747C93800DE55F4 /* Project object */;
}
